
Microsoft Visual Studio Solution File, Format Version 12.00
# Visual Studio Version 16
VisualStudioVersion = 16.0.30114.105
MinimumVisualStudioVersion = 10.0.40219.1
Project("{9A19103F-16F7-4668-BE54-9A1E7A4F7556}") = "ESourcing.Products", "ESourcing.Products\ESourcing.Products.csproj", "{A2F661B4-C7E2-4EBC-9E35-E24210723623}"
EndProject
Project("{2150E333-8FDC-42A3-9474-1A3956D46DE8}") = "Products", "Products", "{1DBBB51B-67B7-4257-AE5F-7126BC414C9F}"
EndProject
Project("{2150E333-8FDC-42A3-9474-1A3956D46DE8}") = "ApiGetaway", "ApiGetaway", "{2F95346B-D128-4C20-AB04-D9E35CE4B71F}"
EndProject
Project("{2150E333-8FDC-42A3-9474-1A3956D46DE8}") = "Services", "Services", "{2275E43A-6A93-45FD-AF13-B509D1DF5BA0}"
EndProject
Project("{2150E333-8FDC-42A3-9474-1A3956D46DE8}") = "WebApp", "WebApp", "{E0703583-F8E3-40F7-8B43-08D5D723D348}"
EndProject
Project("{2150E333-8FDC-42A3-9474-1A3956D46DE8}") = "Common", "Common", "{204EF2EC-3F50-420A-AADA-41AC45C8D260}"
EndProject
Project("{2150E333-8FDC-42A3-9474-1A3956D46DE8}") = "Order", "Order", "{8C78FA87-1354-42AE-BD3C-31952F47F609}"
EndProject
Project("{2150E333-8FDC-42A3-9474-1A3956D46DE8}") = "Sourcing", "Sourcing", "{8F92EE36-692D-481D-9661-D129D8279D98}"
EndProject
Project("{E53339B2-1760-4266-BCC7-CA923CBCF16C}") = "docker-compose", "docker-compose.dcproj", "{7EAFC387-5BD2-4FE6-A34B-1DC0E4CCD125}"
EndProject
Project("{9A19103F-16F7-4668-BE54-9A1E7A4F7556}") = "Esourcing.Sourcing", "Esourcing.Sourcing\Esourcing.Sourcing.csproj", "{36C5ADF8-9FE2-464D-909D-14CEA96EFD4D}"
EndProject
Project("{9A19103F-16F7-4668-BE54-9A1E7A4F7556}") = "EventBusRabbitMQ", "EventBusRabbitMQ\EventBusRabbitMQ.csproj", "{E5E548F2-3E6B-4C92-B9F0-C2FCA0AF9AEF}"
EndProject
Project("{9A19103F-16F7-4668-BE54-9A1E7A4F7556}") = "ESourcing.Order", "ESourcing.Order\ESourcing.Order.csproj", "{5C4599B7-3A82-4CAD-9FBF-9277D57F1714}"
EndProject
Project("{9A19103F-16F7-4668-BE54-9A1E7A4F7556}") = "Ordering.Domain", "Ordering.Domain\Ordering.Domain.csproj", "{470C2081-404C-472E-BBAA-C4D00E11FCB3}"
EndProject
Project("{9A19103F-16F7-4668-BE54-9A1E7A4F7556}") = "Ordering.Application", "Ordering.Application\Ordering.Application.csproj", "{941380A4-8F0A-4C70-B3BA-E03BE43341A1}"
EndProject
Project("{9A19103F-16F7-4668-BE54-9A1E7A4F7556}") = "Ordering.Infrastructure", "Ordering.Infrastructure\Ordering.Infrastructure.csproj", "{0D6A6471-57EC-4E07-92BC-CE0E37AB8CD0}"
EndProject
Project("{FAE04EC0-301F-11D3-BF4B-00C04F79EFBC}") = "ESourcing.APIGateway", "ESourcing.APIGateway\ESourcing.APIGateway.csproj", "{6139F3CE-140F-4950-9C54-473724C38587}"
EndProject
Project("{FAE04EC0-301F-11D3-BF4B-00C04F79EFBC}") = "ESourcing.UI", "ESourcing.UI\ESourcing.UI.csproj", "{4F3239D3-4A26-4067-9607-51A597CE2418}"
EndProject
Project("{FAE04EC0-301F-11D3-BF4B-00C04F79EFBC}") = "ESourcing.Core", "ESourcing.Core\ESourcing.Core.csproj", "{FEF4B338-31B1-4AAA-B62F-187371DF6BFF}"
EndProject
Project("{FAE04EC0-301F-11D3-BF4B-00C04F79EFBC}") = "ESourcing.Infrastructure", "ESourcing.Infrastructure\ESourcing.Infrastructure.csproj", "{742AD5A2-A84C-4D1A-9AB4-2E9B00BFA850}"
EndProject
Global
	GlobalSection(SolutionConfigurationPlatforms) = preSolution
		Debug|Any CPU = Debug|Any CPU
		Debug|x64 = Debug|x64
		Debug|x86 = Debug|x86
		Release|Any CPU = Release|Any CPU
		Release|x64 = Release|x64
		Release|x86 = Release|x86
	EndGlobalSection
	GlobalSection(ProjectConfigurationPlatforms) = postSolution
		{A2F661B4-C7E2-4EBC-9E35-E24210723623}.Debug|Any CPU.ActiveCfg = Debug|Any CPU
		{A2F661B4-C7E2-4EBC-9E35-E24210723623}.Debug|Any CPU.Build.0 = Debug|Any CPU
		{A2F661B4-C7E2-4EBC-9E35-E24210723623}.Debug|x64.ActiveCfg = Debug|Any CPU
		{A2F661B4-C7E2-4EBC-9E35-E24210723623}.Debug|x64.Build.0 = Debug|Any CPU
		{A2F661B4-C7E2-4EBC-9E35-E24210723623}.Debug|x86.ActiveCfg = Debug|Any CPU
		{A2F661B4-C7E2-4EBC-9E35-E24210723623}.Debug|x86.Build.0 = Debug|Any CPU
		{A2F661B4-C7E2-4EBC-9E35-E24210723623}.Release|Any CPU.ActiveCfg = Release|Any CPU
		{A2F661B4-C7E2-4EBC-9E35-E24210723623}.Release|Any CPU.Build.0 = Release|Any CPU
		{A2F661B4-C7E2-4EBC-9E35-E24210723623}.Release|x64.ActiveCfg = Release|Any CPU
		{A2F661B4-C7E2-4EBC-9E35-E24210723623}.Release|x64.Build.0 = Release|Any CPU
		{A2F661B4-C7E2-4EBC-9E35-E24210723623}.Release|x86.ActiveCfg = Release|Any CPU
		{A2F661B4-C7E2-4EBC-9E35-E24210723623}.Release|x86.Build.0 = Release|Any CPU
		{7EAFC387-5BD2-4FE6-A34B-1DC0E4CCD125}.Debug|Any CPU.ActiveCfg = Debug|Any CPU
		{7EAFC387-5BD2-4FE6-A34B-1DC0E4CCD125}.Debug|Any CPU.Build.0 = Debug|Any CPU
		{7EAFC387-5BD2-4FE6-A34B-1DC0E4CCD125}.Debug|x64.ActiveCfg = Debug|Any CPU
		{7EAFC387-5BD2-4FE6-A34B-1DC0E4CCD125}.Debug|x64.Build.0 = Debug|Any CPU
		{7EAFC387-5BD2-4FE6-A34B-1DC0E4CCD125}.Debug|x86.ActiveCfg = Debug|Any CPU
		{7EAFC387-5BD2-4FE6-A34B-1DC0E4CCD125}.Debug|x86.Build.0 = Debug|Any CPU
		{7EAFC387-5BD2-4FE6-A34B-1DC0E4CCD125}.Release|Any CPU.ActiveCfg = Release|Any CPU
		{7EAFC387-5BD2-4FE6-A34B-1DC0E4CCD125}.Release|Any CPU.Build.0 = Release|Any CPU
		{7EAFC387-5BD2-4FE6-A34B-1DC0E4CCD125}.Release|x64.ActiveCfg = Release|Any CPU
		{7EAFC387-5BD2-4FE6-A34B-1DC0E4CCD125}.Release|x64.Build.0 = Release|Any CPU
		{7EAFC387-5BD2-4FE6-A34B-1DC0E4CCD125}.Release|x86.ActiveCfg = Release|Any CPU
		{7EAFC387-5BD2-4FE6-A34B-1DC0E4CCD125}.Release|x86.Build.0 = Release|Any CPU
		{36C5ADF8-9FE2-464D-909D-14CEA96EFD4D}.Debug|Any CPU.ActiveCfg = Debug|Any CPU
		{36C5ADF8-9FE2-464D-909D-14CEA96EFD4D}.Debug|Any CPU.Build.0 = Debug|Any CPU
		{36C5ADF8-9FE2-464D-909D-14CEA96EFD4D}.Debug|x64.ActiveCfg = Debug|Any CPU
		{36C5ADF8-9FE2-464D-909D-14CEA96EFD4D}.Debug|x64.Build.0 = Debug|Any CPU
		{36C5ADF8-9FE2-464D-909D-14CEA96EFD4D}.Debug|x86.ActiveCfg = Debug|Any CPU
		{36C5ADF8-9FE2-464D-909D-14CEA96EFD4D}.Debug|x86.Build.0 = Debug|Any CPU
		{36C5ADF8-9FE2-464D-909D-14CEA96EFD4D}.Release|Any CPU.ActiveCfg = Release|Any CPU
		{36C5ADF8-9FE2-464D-909D-14CEA96EFD4D}.Release|Any CPU.Build.0 = Release|Any CPU
		{36C5ADF8-9FE2-464D-909D-14CEA96EFD4D}.Release|x64.ActiveCfg = Release|Any CPU
		{36C5ADF8-9FE2-464D-909D-14CEA96EFD4D}.Release|x64.Build.0 = Release|Any CPU
		{36C5ADF8-9FE2-464D-909D-14CEA96EFD4D}.Release|x86.ActiveCfg = Release|Any CPU
		{36C5ADF8-9FE2-464D-909D-14CEA96EFD4D}.Release|x86.Build.0 = Release|Any CPU
		{E5E548F2-3E6B-4C92-B9F0-C2FCA0AF9AEF}.Debug|Any CPU.ActiveCfg = Debug|Any CPU
		{E5E548F2-3E6B-4C92-B9F0-C2FCA0AF9AEF}.Debug|Any CPU.Build.0 = Debug|Any CPU
		{E5E548F2-3E6B-4C92-B9F0-C2FCA0AF9AEF}.Debug|x64.ActiveCfg = Debug|Any CPU
		{E5E548F2-3E6B-4C92-B9F0-C2FCA0AF9AEF}.Debug|x64.Build.0 = Debug|Any CPU
		{E5E548F2-3E6B-4C92-B9F0-C2FCA0AF9AEF}.Debug|x86.ActiveCfg = Debug|Any CPU
		{E5E548F2-3E6B-4C92-B9F0-C2FCA0AF9AEF}.Debug|x86.Build.0 = Debug|Any CPU
		{E5E548F2-3E6B-4C92-B9F0-C2FCA0AF9AEF}.Release|Any CPU.ActiveCfg = Release|Any CPU
		{E5E548F2-3E6B-4C92-B9F0-C2FCA0AF9AEF}.Release|Any CPU.Build.0 = Release|Any CPU
		{E5E548F2-3E6B-4C92-B9F0-C2FCA0AF9AEF}.Release|x64.ActiveCfg = Release|Any CPU
		{E5E548F2-3E6B-4C92-B9F0-C2FCA0AF9AEF}.Release|x64.Build.0 = Release|Any CPU
		{E5E548F2-3E6B-4C92-B9F0-C2FCA0AF9AEF}.Release|x86.ActiveCfg = Release|Any CPU
		{E5E548F2-3E6B-4C92-B9F0-C2FCA0AF9AEF}.Release|x86.Build.0 = Release|Any CPU
		{5C4599B7-3A82-4CAD-9FBF-9277D57F1714}.Debug|Any CPU.ActiveCfg = Debug|Any CPU
		{5C4599B7-3A82-4CAD-9FBF-9277D57F1714}.Debug|Any CPU.Build.0 = Debug|Any CPU
		{5C4599B7-3A82-4CAD-9FBF-9277D57F1714}.Debug|x64.ActiveCfg = Debug|Any CPU
		{5C4599B7-3A82-4CAD-9FBF-9277D57F1714}.Debug|x64.Build.0 = Debug|Any CPU
		{5C4599B7-3A82-4CAD-9FBF-9277D57F1714}.Debug|x86.ActiveCfg = Debug|Any CPU
		{5C4599B7-3A82-4CAD-9FBF-9277D57F1714}.Debug|x86.Build.0 = Debug|Any CPU
		{5C4599B7-3A82-4CAD-9FBF-9277D57F1714}.Release|Any CPU.ActiveCfg = Release|Any CPU
		{5C4599B7-3A82-4CAD-9FBF-9277D57F1714}.Release|Any CPU.Build.0 = Release|Any CPU
		{5C4599B7-3A82-4CAD-9FBF-9277D57F1714}.Release|x64.ActiveCfg = Release|Any CPU
		{5C4599B7-3A82-4CAD-9FBF-9277D57F1714}.Release|x64.Build.0 = Release|Any CPU
		{5C4599B7-3A82-4CAD-9FBF-9277D57F1714}.Release|x86.ActiveCfg = Release|Any CPU
		{5C4599B7-3A82-4CAD-9FBF-9277D57F1714}.Release|x86.Build.0 = Release|Any CPU
		{470C2081-404C-472E-BBAA-C4D00E11FCB3}.Debug|Any CPU.ActiveCfg = Debug|Any CPU
		{470C2081-404C-472E-BBAA-C4D00E11FCB3}.Debug|Any CPU.Build.0 = Debug|Any CPU
		{470C2081-404C-472E-BBAA-C4D00E11FCB3}.Debug|x64.ActiveCfg = Debug|Any CPU
		{470C2081-404C-472E-BBAA-C4D00E11FCB3}.Debug|x64.Build.0 = Debug|Any CPU
		{470C2081-404C-472E-BBAA-C4D00E11FCB3}.Debug|x86.ActiveCfg = Debug|Any CPU
		{470C2081-404C-472E-BBAA-C4D00E11FCB3}.Debug|x86.Build.0 = Debug|Any CPU
		{470C2081-404C-472E-BBAA-C4D00E11FCB3}.Release|Any CPU.ActiveCfg = Release|Any CPU
		{470C2081-404C-472E-BBAA-C4D00E11FCB3}.Release|Any CPU.Build.0 = Release|Any CPU
		{470C2081-404C-472E-BBAA-C4D00E11FCB3}.Release|x64.ActiveCfg = Release|Any CPU
		{470C2081-404C-472E-BBAA-C4D00E11FCB3}.Release|x64.Build.0 = Release|Any CPU
		{470C2081-404C-472E-BBAA-C4D00E11FCB3}.Release|x86.ActiveCfg = Release|Any CPU
		{470C2081-404C-472E-BBAA-C4D00E11FCB3}.Release|x86.Build.0 = Release|Any CPU
		{941380A4-8F0A-4C70-B3BA-E03BE43341A1}.Debug|Any CPU.ActiveCfg = Debug|Any CPU
		{941380A4-8F0A-4C70-B3BA-E03BE43341A1}.Debug|Any CPU.Build.0 = Debug|Any CPU
		{941380A4-8F0A-4C70-B3BA-E03BE43341A1}.Debug|x64.ActiveCfg = Debug|Any CPU
		{941380A4-8F0A-4C70-B3BA-E03BE43341A1}.Debug|x64.Build.0 = Debug|Any CPU
		{941380A4-8F0A-4C70-B3BA-E03BE43341A1}.Debug|x86.ActiveCfg = Debug|Any CPU
		{941380A4-8F0A-4C70-B3BA-E03BE43341A1}.Debug|x86.Build.0 = Debug|Any CPU
		{941380A4-8F0A-4C70-B3BA-E03BE43341A1}.Release|Any CPU.ActiveCfg = Release|Any CPU
		{941380A4-8F0A-4C70-B3BA-E03BE43341A1}.Release|Any CPU.Build.0 = Release|Any CPU
		{941380A4-8F0A-4C70-B3BA-E03BE43341A1}.Release|x64.ActiveCfg = Release|Any CPU
		{941380A4-8F0A-4C70-B3BA-E03BE43341A1}.Release|x64.Build.0 = Release|Any CPU
		{941380A4-8F0A-4C70-B3BA-E03BE43341A1}.Release|x86.ActiveCfg = Release|Any CPU
		{941380A4-8F0A-4C70-B3BA-E03BE43341A1}.Release|x86.Build.0 = Release|Any CPU
		{0D6A6471-57EC-4E07-92BC-CE0E37AB8CD0}.Debug|Any CPU.ActiveCfg = Debug|Any CPU
		{0D6A6471-57EC-4E07-92BC-CE0E37AB8CD0}.Debug|Any CPU.Build.0 = Debug|Any CPU
		{0D6A6471-57EC-4E07-92BC-CE0E37AB8CD0}.Debug|x64.ActiveCfg = Debug|Any CPU
		{0D6A6471-57EC-4E07-92BC-CE0E37AB8CD0}.Debug|x64.Build.0 = Debug|Any CPU
		{0D6A6471-57EC-4E07-92BC-CE0E37AB8CD0}.Debug|x86.ActiveCfg = Debug|Any CPU
		{0D6A6471-57EC-4E07-92BC-CE0E37AB8CD0}.Debug|x86.Build.0 = Debug|Any CPU
		{0D6A6471-57EC-4E07-92BC-CE0E37AB8CD0}.Release|Any CPU.ActiveCfg = Release|Any CPU
		{0D6A6471-57EC-4E07-92BC-CE0E37AB8CD0}.Release|Any CPU.Build.0 = Release|Any CPU
		{0D6A6471-57EC-4E07-92BC-CE0E37AB8CD0}.Release|x64.ActiveCfg = Release|Any CPU
		{0D6A6471-57EC-4E07-92BC-CE0E37AB8CD0}.Release|x64.Build.0 = Release|Any CPU
		{0D6A6471-57EC-4E07-92BC-CE0E37AB8CD0}.Release|x86.ActiveCfg = Release|Any CPU
		{0D6A6471-57EC-4E07-92BC-CE0E37AB8CD0}.Release|x86.Build.0 = Release|Any CPU
		{6139F3CE-140F-4950-9C54-473724C38587}.Debug|Any CPU.ActiveCfg = Debug|Any CPU
		{6139F3CE-140F-4950-9C54-473724C38587}.Debug|Any CPU.Build.0 = Debug|Any CPU
		{6139F3CE-140F-4950-9C54-473724C38587}.Debug|x64.ActiveCfg = Debug|Any CPU
		{6139F3CE-140F-4950-9C54-473724C38587}.Debug|x64.Build.0 = Debug|Any CPU
		{6139F3CE-140F-4950-9C54-473724C38587}.Debug|x86.ActiveCfg = Debug|Any CPU
		{6139F3CE-140F-4950-9C54-473724C38587}.Debug|x86.Build.0 = Debug|Any CPU
		{6139F3CE-140F-4950-9C54-473724C38587}.Release|Any CPU.ActiveCfg = Release|Any CPU
		{6139F3CE-140F-4950-9C54-473724C38587}.Release|Any CPU.Build.0 = Release|Any CPU
		{6139F3CE-140F-4950-9C54-473724C38587}.Release|x64.ActiveCfg = Release|Any CPU
		{6139F3CE-140F-4950-9C54-473724C38587}.Release|x64.Build.0 = Release|Any CPU
		{6139F3CE-140F-4950-9C54-473724C38587}.Release|x86.ActiveCfg = Release|Any CPU
		{6139F3CE-140F-4950-9C54-473724C38587}.Release|x86.Build.0 = Release|Any CPU
		{4F3239D3-4A26-4067-9607-51A597CE2418}.Debug|Any CPU.ActiveCfg = Debug|Any CPU
		{4F3239D3-4A26-4067-9607-51A597CE2418}.Debug|Any CPU.Build.0 = Debug|Any CPU
		{4F3239D3-4A26-4067-9607-51A597CE2418}.Debug|x64.ActiveCfg = Debug|Any CPU
		{4F3239D3-4A26-4067-9607-51A597CE2418}.Debug|x64.Build.0 = Debug|Any CPU
		{4F3239D3-4A26-4067-9607-51A597CE2418}.Debug|x86.ActiveCfg = Debug|Any CPU
		{4F3239D3-4A26-4067-9607-51A597CE2418}.Debug|x86.Build.0 = Debug|Any CPU
		{4F3239D3-4A26-4067-9607-51A597CE2418}.Release|Any CPU.ActiveCfg = Release|Any CPU
		{4F3239D3-4A26-4067-9607-51A597CE2418}.Release|Any CPU.Build.0 = Release|Any CPU
		{4F3239D3-4A26-4067-9607-51A597CE2418}.Release|x64.ActiveCfg = Release|Any CPU
		{4F3239D3-4A26-4067-9607-51A597CE2418}.Release|x64.Build.0 = Release|Any CPU
		{4F3239D3-4A26-4067-9607-51A597CE2418}.Release|x86.ActiveCfg = Release|Any CPU
		{4F3239D3-4A26-4067-9607-51A597CE2418}.Release|x86.Build.0 = Release|Any CPU
		{FEF4B338-31B1-4AAA-B62F-187371DF6BFF}.Debug|Any CPU.ActiveCfg = Debug|Any CPU
		{FEF4B338-31B1-4AAA-B62F-187371DF6BFF}.Debug|Any CPU.Build.0 = Debug|Any CPU
		{FEF4B338-31B1-4AAA-B62F-187371DF6BFF}.Debug|x64.ActiveCfg = Debug|Any CPU
		{FEF4B338-31B1-4AAA-B62F-187371DF6BFF}.Debug|x64.Build.0 = Debug|Any CPU
		{FEF4B338-31B1-4AAA-B62F-187371DF6BFF}.Debug|x86.ActiveCfg = Debug|Any CPU
		{FEF4B338-31B1-4AAA-B62F-187371DF6BFF}.Debug|x86.Build.0 = Debug|Any CPU
		{FEF4B338-31B1-4AAA-B62F-187371DF6BFF}.Release|Any CPU.ActiveCfg = Release|Any CPU
		{FEF4B338-31B1-4AAA-B62F-187371DF6BFF}.Release|Any CPU.Build.0 = Release|Any CPU
		{FEF4B338-31B1-4AAA-B62F-187371DF6BFF}.Release|x64.ActiveCfg = Release|Any CPU
		{FEF4B338-31B1-4AAA-B62F-187371DF6BFF}.Release|x64.Build.0 = Release|Any CPU
		{FEF4B338-31B1-4AAA-B62F-187371DF6BFF}.Release|x86.ActiveCfg = Release|Any CPU
		{FEF4B338-31B1-4AAA-B62F-187371DF6BFF}.Release|x86.Build.0 = Release|Any CPU
		{742AD5A2-A84C-4D1A-9AB4-2E9B00BFA850}.Debug|Any CPU.ActiveCfg = Debug|Any CPU
		{742AD5A2-A84C-4D1A-9AB4-2E9B00BFA850}.Debug|Any CPU.Build.0 = Debug|Any CPU
		{742AD5A2-A84C-4D1A-9AB4-2E9B00BFA850}.Debug|x64.ActiveCfg = Debug|Any CPU
		{742AD5A2-A84C-4D1A-9AB4-2E9B00BFA850}.Debug|x64.Build.0 = Debug|Any CPU
		{742AD5A2-A84C-4D1A-9AB4-2E9B00BFA850}.Debug|x86.ActiveCfg = Debug|Any CPU
		{742AD5A2-A84C-4D1A-9AB4-2E9B00BFA850}.Debug|x86.Build.0 = Debug|Any CPU
		{742AD5A2-A84C-4D1A-9AB4-2E9B00BFA850}.Release|Any CPU.ActiveCfg = Release|Any CPU
		{742AD5A2-A84C-4D1A-9AB4-2E9B00BFA850}.Release|Any CPU.Build.0 = Release|Any CPU
		{742AD5A2-A84C-4D1A-9AB4-2E9B00BFA850}.Release|x64.ActiveCfg = Release|Any CPU
		{742AD5A2-A84C-4D1A-9AB4-2E9B00BFA850}.Release|x64.Build.0 = Release|Any CPU
		{742AD5A2-A84C-4D1A-9AB4-2E9B00BFA850}.Release|x86.ActiveCfg = Release|Any CPU
		{742AD5A2-A84C-4D1A-9AB4-2E9B00BFA850}.Release|x86.Build.0 = Release|Any CPU
	EndGlobalSection
	GlobalSection(SolutionProperties) = preSolution
		HideSolutionNode = FALSE
	EndGlobalSection
	GlobalSection(NestedProjects) = preSolution
		{A2F661B4-C7E2-4EBC-9E35-E24210723623} = {1DBBB51B-67B7-4257-AE5F-7126BC414C9F}
		{1DBBB51B-67B7-4257-AE5F-7126BC414C9F} = {2275E43A-6A93-45FD-AF13-B509D1DF5BA0}
		{204EF2EC-3F50-420A-AADA-41AC45C8D260} = {2275E43A-6A93-45FD-AF13-B509D1DF5BA0}
		{8C78FA87-1354-42AE-BD3C-31952F47F609} = {2275E43A-6A93-45FD-AF13-B509D1DF5BA0}
		{8F92EE36-692D-481D-9661-D129D8279D98} = {2275E43A-6A93-45FD-AF13-B509D1DF5BA0}
		{36C5ADF8-9FE2-464D-909D-14CEA96EFD4D} = {8F92EE36-692D-481D-9661-D129D8279D98}
		{E5E548F2-3E6B-4C92-B9F0-C2FCA0AF9AEF} = {204EF2EC-3F50-420A-AADA-41AC45C8D260}
		{5C4599B7-3A82-4CAD-9FBF-9277D57F1714} = {8C78FA87-1354-42AE-BD3C-31952F47F609}
		{470C2081-404C-472E-BBAA-C4D00E11FCB3} = {8C78FA87-1354-42AE-BD3C-31952F47F609}
		{941380A4-8F0A-4C70-B3BA-E03BE43341A1} = {8C78FA87-1354-42AE-BD3C-31952F47F609}
		{0D6A6471-57EC-4E07-92BC-CE0E37AB8CD0} = {8C78FA87-1354-42AE-BD3C-31952F47F609}
		{6139F3CE-140F-4950-9C54-473724C38587} = {2F95346B-D128-4C20-AB04-D9E35CE4B71F}
		{4F3239D3-4A26-4067-9607-51A597CE2418} = {E0703583-F8E3-40F7-8B43-08D5D723D348}
		{FEF4B338-31B1-4AAA-B62F-187371DF6BFF} = {E0703583-F8E3-40F7-8B43-08D5D723D348}
		{742AD5A2-A84C-4D1A-9AB4-2E9B00BFA850} = {E0703583-F8E3-40F7-8B43-08D5D723D348}
	EndGlobalSection
	GlobalSection(ExtensibilityGlobals) = postSolution
		SolutionGuid = {AEDB0B46-9680-4151-9C92-9BBCA489EB19}
	EndGlobalSection
EndGlobal
